
Microsoft Visual Studio Solution File, Format Version 12.00
# Visual Studio 15
VisualStudioVersion = 15.0.28307.902
MinimumVisualStudioVersion = 10.0.40219.1
Project("{A99171F4-43ED-48FC-978B-9193EDE4E466}") = "BenchmarkRunner", "BenchmarkRunner\BenchmarkRunner.vrproj", "{C0EED84C-274E-4CBA-8BCA-EFBB1FEB0BA2}"
EndProject
Global
	GlobalSection(SolutionConfigurationPlatforms) = preSolution
		Debug|Any CPU = Debug|Any CPU
		Release|Any CPU = Release|Any CPU
	EndGlobalSection
	GlobalSection(ProjectConfigurationPlatforms) = postSolution
		{C0EED84C-274E-4CBA-8BCA-EFBB1FEB0BA2}.Debug|Any CPU.ActiveCfg = Debug|Any CPU
		{C0EED84C-274E-4CBA-8BCA-EFBB1FEB0BA2}.Debug|Any CPU.Build.0 = Debug|Any CPU
		{C0EED84C-274E-4CBA-8BCA-EFBB1FEB0BA2}.Release|Any CPU.ActiveCfg = Release|Any CPU
		{C0EED84C-274E-4CBA-8BCA-EFBB1FEB0BA2}.Release|Any CPU.Build.0 = Release|Any CPU
	EndGlobalSection
	GlobalSection(SolutionProperties) = preSolution
		HideSolutionNode = FALSE
	EndGlobalSection
	GlobalSection(ExtensibilityGlobals) = postSolution
		SolutionGuid = {53C60FB1-CFBD-44D4-9CC9-80B0DA287FBB}
	EndGlobalSection
EndGlobal
